
Microsoft Visual Studio Solution File, Format Version 12.00
# Visual Studio 16
Project("{FAE04EC0-301F-11D3-BF4B-00C04F79EFBC}") = "Assembly-CSharp", "Assembly-CSharp.csproj", "{BB173FFD-51C8-175A-2D69-0009DD10609A}"
EndProject
Global
	GlobalSection(SolutionConfigurationPlatforms) = preSolution
		Debug|Any CPU = Debug|Any CPU
		Release|Any CPU = Release|Any CPU
	EndGlobalSection
	GlobalSection(ProjectConfigurationPlatforms) = postSolution
		{BB173FFD-51C8-175A-2D69-0009DD10609A}.Debug|Any CPU.ActiveCfg = Debug|Any CPU
		{BB173FFD-51C8-175A-2D69-0009DD10609A}.Debug|Any CPU.Build.0 = Debug|Any CPU
		{BB173FFD-51C8-175A-2D69-0009DD10609A}.Release|Any CPU.ActiveCfg = Release|Any CPU
		{BB173FFD-51C8-175A-2D69-0009DD10609A}.Release|Any CPU.Build.0 = Release|Any CPU
	EndGlobalSection
	GlobalSection(SolutionProperties) = preSolution
		HideSolutionNode = FALSE
	EndGlobalSection
EndGlobal
